
Microsoft Visual Studio Solution File, Format Version 12.00
# Visual Studio 15
VisualStudioVersion = 15.0.26228.10
MinimumVisualStudioVersion = 10.0.40219.1
Project("{FAE04EC0-301F-11D3-BF4B-00C04F79EFBC}") = "HL7", "HL7\HL7.csproj", "{43638E83-7F29-4C0A-8C2B-22DA6FABE640}"
EndProject
Global
	GlobalSection(SolutionConfigurationPlatforms) = preSolution
		Debug|Any CPU = Debug|Any CPU
		Release|Any CPU = Release|Any CPU
	EndGlobalSection
	GlobalSection(ProjectConfigurationPlatforms) = postSolution
		{43638E83-7F29-4C0A-8C2B-22DA6FABE640}.Debug|Any CPU.ActiveCfg = Debug|Any CPU
		{43638E83-7F29-4C0A-8C2B-22DA6FABE640}.Debug|Any CPU.Build.0 = Debug|Any CPU
		{43638E83-7F29-4C0A-8C2B-22DA6FABE640}.Release|Any CPU.ActiveCfg = Release|Any CPU
		{43638E83-7F29-4C0A-8C2B-22DA6FABE640}.Release|Any CPU.Build.0 = Release|Any CPU
	EndGlobalSection
	GlobalSection(SolutionProperties) = preSolution
		HideSolutionNode = FALSE
	EndGlobalSection
EndGlobal
